
Microsoft Visual Studio Solution File, Format Version 12.00
# Visual Studio Version 16
VisualStudioVersion = 16.0.30225.117
MinimumVisualStudioVersion = 10.0.40219.1
Project("{FAE04EC0-301F-11D3-BF4B-00C04F79EFBC}") = "KisiselWebProjesi", "KisiselWebProjesi\KisiselWebProjesi.csproj", "{AF49C8E2-FCE4-4FCD-95C4-A4F9313298C7}"
EndProject
Global
	GlobalSection(SolutionConfigurationPlatforms) = preSolution
		Debug|Any CPU = Debug|Any CPU
		Release|Any CPU = Release|Any CPU
	EndGlobalSection
	GlobalSection(ProjectConfigurationPlatforms) = postSolution
		{AF49C8E2-FCE4-4FCD-95C4-A4F9313298C7}.Debug|Any CPU.ActiveCfg = Debug|Any CPU
		{AF49C8E2-FCE4-4FCD-95C4-A4F9313298C7}.Debug|Any CPU.Build.0 = Debug|Any CPU
		{AF49C8E2-FCE4-4FCD-95C4-A4F9313298C7}.Release|Any CPU.ActiveCfg = Release|Any CPU
		{AF49C8E2-FCE4-4FCD-95C4-A4F9313298C7}.Release|Any CPU.Build.0 = Release|Any CPU
	EndGlobalSection
	GlobalSection(SolutionProperties) = preSolution
		HideSolutionNode = FALSE
	EndGlobalSection
	GlobalSection(ExtensibilityGlobals) = postSolution
		SolutionGuid = {BAB70C6A-BA70-4D9B-AED8-DEB2D7BDE71D}
	EndGlobalSection
EndGlobal
